
Microsoft Visual Studio Solution File, Format Version 12.00
# Visual Studio Version 16
VisualStudioVersion = 16.0.28803.202
MinimumVisualStudioVersion = 10.0.40219.1
Project("{FAE04EC0-301F-11D3-BF4B-00C04F79EFBC}") = "MeasuresData", "MeasuresData\MeasuresData.csproj", "{EFE514F5-388D-43E4-8DB2-39FE1A7D725D}"
EndProject
Global
	GlobalSection(SolutionConfigurationPlatforms) = preSolution
		Debug|Any CPU = Debug|Any CPU
		Release|Any CPU = Release|Any CPU
	EndGlobalSection
	GlobalSection(ProjectConfigurationPlatforms) = postSolution
		{EFE514F5-388D-43E4-8DB2-39FE1A7D725D}.Debug|Any CPU.ActiveCfg = Debug|Any CPU
		{EFE514F5-388D-43E4-8DB2-39FE1A7D725D}.Debug|Any CPU.Build.0 = Debug|Any CPU
		{EFE514F5-388D-43E4-8DB2-39FE1A7D725D}.Release|Any CPU.ActiveCfg = Release|Any CPU
		{EFE514F5-388D-43E4-8DB2-39FE1A7D725D}.Release|Any CPU.Build.0 = Release|Any CPU
	EndGlobalSection
	GlobalSection(SolutionProperties) = preSolution
		HideSolutionNode = FALSE
	EndGlobalSection
	GlobalSection(ExtensibilityGlobals) = postSolution
		SolutionGuid = {D4333242-1F49-4479-BEB3-8E1213083E20}
	EndGlobalSection
EndGlobal
